
Microsoft Visual Studio Solution File, Format Version 11.00
# Visual Studio 2010
Project("{FAE04EC0-301F-11D3-BF4B-00C04F79EFBC}") = "Mirror.Examples", "Mirror.Examples.csproj", "{964a496a-93a5-5a67-1863-29f7dc508fcc}"
EndProject
Project("{FAE04EC0-301F-11D3-BF4B-00C04F79EFBC}") = "Mirror.Components", "Mirror.Components.csproj", "{8aa28393-8b20-d432-adad-7eda82653f94}"
EndProject
Project("{FAE04EC0-301F-11D3-BF4B-00C04F79EFBC}") = "Mirror", "Mirror.csproj", "{0d40177b-3f19-599c-26f4-a7cac9a1a054}"
EndProject
Project("{FAE04EC0-301F-11D3-BF4B-00C04F79EFBC}") = "Mirror.Hosting", "Mirror.Hosting.csproj", "{05abea3f-cba1-e859-535d-79583a983fde}"
EndProject
Project("{FAE04EC0-301F-11D3-BF4B-00C04F79EFBC}") = "Unity.Mirror.CodeGen", "Unity.Mirror.CodeGen.csproj", "{bb4f2b49-29cb-6818-78cf-83f6b23ca66f}"
EndProject
Project("{FAE04EC0-301F-11D3-BF4B-00C04F79EFBC}") = "Assembly-CSharp", "Assembly-CSharp.csproj", "{db5985ce-2489-7c5f-eb3a-93b90df55d98}"
EndProject
Project("{FAE04EC0-301F-11D3-BF4B-00C04F79EFBC}") = "Mirror.Editor", "Mirror.Editor.csproj", "{ee28e572-34c1-c86a-006d-2d21822ea5a7}"
EndProject
Project("{FAE04EC0-301F-11D3-BF4B-00C04F79EFBC}") = "Mirror.Transports", "Mirror.Transports.csproj", "{7d18dc00-a67e-a646-e2bb-3174d93ee893}"
EndProject
Project("{FAE04EC0-301F-11D3-BF4B-00C04F79EFBC}") = "Telepathy", "Telepathy.csproj", "{d9287c3f-c3b5-5ebf-b86e-f6bc97ac1ced}"
EndProject
Project("{FAE04EC0-301F-11D3-BF4B-00C04F79EFBC}") = "SimpleWebTransport", "SimpleWebTransport.csproj", "{b0ffa58a-e89d-f1c8-a8bd-35c17b7b747f}"
EndProject
Project("{FAE04EC0-301F-11D3-BF4B-00C04F79EFBC}") = "ParrelSync", "ParrelSync.csproj", "{ca98a496-485d-87cd-19e5-2075dd6aed6e}"
EndProject
Project("{FAE04EC0-301F-11D3-BF4B-00C04F79EFBC}") = "kcp2k", "kcp2k.csproj", "{24f18ec3-caaa-8d7a-92da-2edc394cbf55}"
EndProject
Project("{FAE04EC0-301F-11D3-BF4B-00C04F79EFBC}") = "Mirror.Authenticators", "Mirror.Authenticators.csproj", "{f452381e-e75b-e35c-bb9e-3579166c3644}"
EndProject
Project("{FAE04EC0-301F-11D3-BF4B-00C04F79EFBC}") = "Mirror.CompilerSymbols", "Mirror.CompilerSymbols.csproj", "{f0637cda-2a5e-1bf6-91f6-f0b7e1b1869e}"
EndProject
Project("{FAE04EC0-301F-11D3-BF4B-00C04F79EFBC}") = "Assembly-CSharp-firstpass", "Assembly-CSharp-firstpass.csproj", "{a91cb6b1-a58c-f8b3-1c33-2d3e743d8eeb}"
EndProject
Global
	GlobalSection(SolutionConfigurationPlatforms) = preSolution
		Debug|Any CPU = Debug|Any CPU
	EndGlobalSection
	GlobalSection(ProjectConfigurationPlatforms) = postSolution
		{964a496a-93a5-5a67-1863-29f7dc508fcc}.Debug|Any CPU.ActiveCfg = Debug|Any CPU
		{964a496a-93a5-5a67-1863-29f7dc508fcc}.Debug|Any CPU.Build.0 = Debug|Any CPU
		{8aa28393-8b20-d432-adad-7eda82653f94}.Debug|Any CPU.ActiveCfg = Debug|Any CPU
		{8aa28393-8b20-d432-adad-7eda82653f94}.Debug|Any CPU.Build.0 = Debug|Any CPU
		{0d40177b-3f19-599c-26f4-a7cac9a1a054}.Debug|Any CPU.ActiveCfg = Debug|Any CPU
		{0d40177b-3f19-599c-26f4-a7cac9a1a054}.Debug|Any CPU.Build.0 = Debug|Any CPU
		{05abea3f-cba1-e859-535d-79583a983fde}.Debug|Any CPU.ActiveCfg = Debug|Any CPU
		{05abea3f-cba1-e859-535d-79583a983fde}.Debug|Any CPU.Build.0 = Debug|Any CPU
		{bb4f2b49-29cb-6818-78cf-83f6b23ca66f}.Debug|Any CPU.ActiveCfg = Debug|Any CPU
		{bb4f2b49-29cb-6818-78cf-83f6b23ca66f}.Debug|Any CPU.Build.0 = Debug|Any CPU
		{db5985ce-2489-7c5f-eb3a-93b90df55d98}.Debug|Any CPU.ActiveCfg = Debug|Any CPU
		{db5985ce-2489-7c5f-eb3a-93b90df55d98}.Debug|Any CPU.Build.0 = Debug|Any CPU
		{ee28e572-34c1-c86a-006d-2d21822ea5a7}.Debug|Any CPU.ActiveCfg = Debug|Any CPU
		{ee28e572-34c1-c86a-006d-2d21822ea5a7}.Debug|Any CPU.Build.0 = Debug|Any CPU
		{7d18dc00-a67e-a646-e2bb-3174d93ee893}.Debug|Any CPU.ActiveCfg = Debug|Any CPU
		{7d18dc00-a67e-a646-e2bb-3174d93ee893}.Debug|Any CPU.Build.0 = Debug|Any CPU
		{d9287c3f-c3b5-5ebf-b86e-f6bc97ac1ced}.Debug|Any CPU.ActiveCfg = Debug|Any CPU
		{d9287c3f-c3b5-5ebf-b86e-f6bc97ac1ced}.Debug|Any CPU.Build.0 = Debug|Any CPU
		{b0ffa58a-e89d-f1c8-a8bd-35c17b7b747f}.Debug|Any CPU.ActiveCfg = Debug|Any CPU
		{b0ffa58a-e89d-f1c8-a8bd-35c17b7b747f}.Debug|Any CPU.Build.0 = Debug|Any CPU
		{ca98a496-485d-87cd-19e5-2075dd6aed6e}.Debug|Any CPU.ActiveCfg = Debug|Any CPU
		{ca98a496-485d-87cd-19e5-2075dd6aed6e}.Debug|Any CPU.Build.0 = Debug|Any CPU
		{24f18ec3-caaa-8d7a-92da-2edc394cbf55}.Debug|Any CPU.ActiveCfg = Debug|Any CPU
		{24f18ec3-caaa-8d7a-92da-2edc394cbf55}.Debug|Any CPU.Build.0 = Debug|Any CPU
		{f452381e-e75b-e35c-bb9e-3579166c3644}.Debug|Any CPU.ActiveCfg = Debug|Any CPU
		{f452381e-e75b-e35c-bb9e-3579166c3644}.Debug|Any CPU.Build.0 = Debug|Any CPU
		{f0637cda-2a5e-1bf6-91f6-f0b7e1b1869e}.Debug|Any CPU.ActiveCfg = Debug|Any CPU
		{f0637cda-2a5e-1bf6-91f6-f0b7e1b1869e}.Debug|Any CPU.Build.0 = Debug|Any CPU
		{a91cb6b1-a58c-f8b3-1c33-2d3e743d8eeb}.Debug|Any CPU.ActiveCfg = Debug|Any CPU
		{a91cb6b1-a58c-f8b3-1c33-2d3e743d8eeb}.Debug|Any CPU.Build.0 = Debug|Any CPU
	EndGlobalSection
	GlobalSection(SolutionProperties) = preSolution
		HideSolutionNode = FALSE
	EndGlobalSection
EndGlobal
